
Microsoft Visual Studio Solution File, Format Version 12.00
# Visual Studio Version 16
VisualStudioVersion = 16.0.34902.97
MinimumVisualStudioVersion = 10.0.40219.1
Project("{FAE04EC0-301F-11D3-BF4B-00C04F79EFBC}") = "GYMProject", "GYMProject\GYMProject.csproj", "{3237E644-3055-4173-971B-87BB67B56EE9}"
EndProject
Global
	GlobalSection(SolutionConfigurationPlatforms) = preSolution
		Debug|Any CPU = Debug|Any CPU
		Release|Any CPU = Release|Any CPU
	EndGlobalSection
	GlobalSection(ProjectConfigurationPlatforms) = postSolution
		{3237E644-3055-4173-971B-87BB67B56EE9}.Debug|Any CPU.ActiveCfg = Debug|Any CPU
		{3237E644-3055-4173-971B-87BB67B56EE9}.Debug|Any CPU.Build.0 = Debug|Any CPU
		{3237E644-3055-4173-971B-87BB67B56EE9}.Release|Any CPU.ActiveCfg = Release|Any CPU
		{3237E644-3055-4173-971B-87BB67B56EE9}.Release|Any CPU.Build.0 = Release|Any CPU
	EndGlobalSection
	GlobalSection(SolutionProperties) = preSolution
		HideSolutionNode = FALSE
	EndGlobalSection
	GlobalSection(ExtensibilityGlobals) = postSolution
		SolutionGuid = {0CCAB63A-6DC1-4BFF-B0B4-67ED95628DEC}
	EndGlobalSection
EndGlobal
